
Microsoft Visual Studio Solution File, Format Version 12.00
# Visual Studio Version 16
VisualStudioVersion = 16.0.30907.101
MinimumVisualStudioVersion = 10.0.40219.1
Project("{FAE04EC0-301F-11D3-BF4B-00C04F79EFBC}") = "1. Paint", "Paint\1. Paint.csproj", "{D210A54D-C420-4B3B-A4DD-7D157DF422EE}"
EndProject
Project("{FAE04EC0-301F-11D3-BF4B-00C04F79EFBC}") = "Lib1. MedianTransform", "MedianTransform\Lib1. MedianTransform.csproj", "{E5F46CD5-15A8-44EC-8270-9FA3E1BA98B2}"
EndProject
Project("{FAE04EC0-301F-11D3-BF4B-00C04F79EFBC}") = "Lib2. ReverseTransform", "ReverseTransform\Lib2. ReverseTransform.csproj", "{E01369EF-6622-4BD8-96BF-B4C028F0CEDD}"
EndProject
Project("{FAE04EC0-301F-11D3-BF4B-00C04F79EFBC}") = "2. ColourSelect", "ColourSelect\2. ColourSelect.csproj", "{DA965B00-2743-4A57-BAA7-233F3B48B021}"
EndProject
Project("{2150E333-8FDC-42A3-9474-1A3956D46DE8}") = "Solution Items", "Solution Items", "{11BF2ED6-FF31-4393-9468-91C994469A30}"
	ProjectSection(SolutionItems) = preProject
		TODO.md = TODO.md
	EndProjectSection
EndProject
Project("{54435603-DBB4-11D2-8724-00A0C9A8B90C}") = "Paint Setup", "Paint Setup\Paint Setup.vdproj", "{FE57E113-9C59-4095-873E-1A993870089E}"
EndProject
Global
	GlobalSection(SolutionConfigurationPlatforms) = preSolution
		Debug|Any CPU = Debug|Any CPU
		Release|Any CPU = Release|Any CPU
	EndGlobalSection
	GlobalSection(ProjectConfigurationPlatforms) = postSolution
		{D210A54D-C420-4B3B-A4DD-7D157DF422EE}.Debug|Any CPU.ActiveCfg = Debug|Any CPU
		{D210A54D-C420-4B3B-A4DD-7D157DF422EE}.Debug|Any CPU.Build.0 = Debug|Any CPU
		{D210A54D-C420-4B3B-A4DD-7D157DF422EE}.Release|Any CPU.ActiveCfg = Release|Any CPU
		{D210A54D-C420-4B3B-A4DD-7D157DF422EE}.Release|Any CPU.Build.0 = Release|Any CPU
		{E5F46CD5-15A8-44EC-8270-9FA3E1BA98B2}.Debug|Any CPU.ActiveCfg = Debug|Any CPU
		{E5F46CD5-15A8-44EC-8270-9FA3E1BA98B2}.Debug|Any CPU.Build.0 = Debug|Any CPU
		{E5F46CD5-15A8-44EC-8270-9FA3E1BA98B2}.Release|Any CPU.ActiveCfg = Release|Any CPU
		{E5F46CD5-15A8-44EC-8270-9FA3E1BA98B2}.Release|Any CPU.Build.0 = Release|Any CPU
		{E01369EF-6622-4BD8-96BF-B4C028F0CEDD}.Debug|Any CPU.ActiveCfg = Debug|Any CPU
		{E01369EF-6622-4BD8-96BF-B4C028F0CEDD}.Debug|Any CPU.Build.0 = Debug|Any CPU
		{E01369EF-6622-4BD8-96BF-B4C028F0CEDD}.Release|Any CPU.ActiveCfg = Release|Any CPU
		{E01369EF-6622-4BD8-96BF-B4C028F0CEDD}.Release|Any CPU.Build.0 = Release|Any CPU
		{DA965B00-2743-4A57-BAA7-233F3B48B021}.Debug|Any CPU.ActiveCfg = Debug|Any CPU
		{DA965B00-2743-4A57-BAA7-233F3B48B021}.Debug|Any CPU.Build.0 = Debug|Any CPU
		{DA965B00-2743-4A57-BAA7-233F3B48B021}.Release|Any CPU.ActiveCfg = Release|Any CPU
		{DA965B00-2743-4A57-BAA7-233F3B48B021}.Release|Any CPU.Build.0 = Release|Any CPU
		{FE57E113-9C59-4095-873E-1A993870089E}.Debug|Any CPU.ActiveCfg = Debug
		{FE57E113-9C59-4095-873E-1A993870089E}.Release|Any CPU.ActiveCfg = Release
	EndGlobalSection
	GlobalSection(SolutionProperties) = preSolution
		HideSolutionNode = FALSE
	EndGlobalSection
	GlobalSection(ExtensibilityGlobals) = postSolution
		SolutionGuid = {9D31BE41-1F8E-4B31-B4D5-33178126B41D}
	EndGlobalSection
EndGlobal
